
Microsoft Visual Studio Solution File, Format Version 12.00
# Visual Studio Version 17
VisualStudioVersion = 17.5.002.0
MinimumVisualStudioVersion = 10.0.40219.1
Project("{9A19103F-16F7-4668-BE54-9A1E7A4F7556}") = "EmprestimoLivros.Domain", "EmprestimoLivros.Domain\EmprestimoLivros.Domain.csproj", "{71FAFC43-4701-4809-8E1D-64E4070B660E}"
EndProject
Project("{9A19103F-16F7-4668-BE54-9A1E7A4F7556}") = "EmprestimoLivros.Infra.Data", "EmprestimoLivros.Infra.Data\EmprestimoLivros.Infra.Data.csproj", "{13677184-E462-409A-8623-A25C282D44FA}"
EndProject
Project("{9A19103F-16F7-4668-BE54-9A1E7A4F7556}") = "EmprestimoLivros.API", "EmprestimoLivros.API\EmprestimoLivros.API.csproj", "{643F4B30-88FE-4CAA-BCDE-8B87A2208CCB}"
EndProject
Project("{9A19103F-16F7-4668-BE54-9A1E7A4F7556}") = "EmprestimoLivros.Infra.Ioc", "EmprestimoLivros.Infra.Ioc\EmprestimoLivros.Infra.Ioc.csproj", "{A801CD16-2382-4C3F-ACB4-546BEF7D59B9}"
EndProject
Project("{9A19103F-16F7-4668-BE54-9A1E7A4F7556}") = "EmprestimoLivros.Application", "EmprestimoLivros.Application\EmprestimoLivros.Application.csproj", "{0FF6394D-CF05-475E-AC9A-7D4A2C6BABEF}"
EndProject
Global
	GlobalSection(SolutionConfigurationPlatforms) = preSolution
		Debug|Any CPU = Debug|Any CPU
		Release|Any CPU = Release|Any CPU
	EndGlobalSection
	GlobalSection(ProjectConfigurationPlatforms) = postSolution
		{71FAFC43-4701-4809-8E1D-64E4070B660E}.Debug|Any CPU.ActiveCfg = Debug|Any CPU
		{71FAFC43-4701-4809-8E1D-64E4070B660E}.Debug|Any CPU.Build.0 = Debug|Any CPU
		{71FAFC43-4701-4809-8E1D-64E4070B660E}.Release|Any CPU.ActiveCfg = Release|Any CPU
		{71FAFC43-4701-4809-8E1D-64E4070B660E}.Release|Any CPU.Build.0 = Release|Any CPU
		{13677184-E462-409A-8623-A25C282D44FA}.Debug|Any CPU.ActiveCfg = Debug|Any CPU
		{13677184-E462-409A-8623-A25C282D44FA}.Debug|Any CPU.Build.0 = Debug|Any CPU
		{13677184-E462-409A-8623-A25C282D44FA}.Release|Any CPU.ActiveCfg = Release|Any CPU
		{13677184-E462-409A-8623-A25C282D44FA}.Release|Any CPU.Build.0 = Release|Any CPU
		{643F4B30-88FE-4CAA-BCDE-8B87A2208CCB}.Debug|Any CPU.ActiveCfg = Debug|Any CPU
		{643F4B30-88FE-4CAA-BCDE-8B87A2208CCB}.Debug|Any CPU.Build.0 = Debug|Any CPU
		{643F4B30-88FE-4CAA-BCDE-8B87A2208CCB}.Release|Any CPU.ActiveCfg = Release|Any CPU
		{643F4B30-88FE-4CAA-BCDE-8B87A2208CCB}.Release|Any CPU.Build.0 = Release|Any CPU
		{A801CD16-2382-4C3F-ACB4-546BEF7D59B9}.Debug|Any CPU.ActiveCfg = Debug|Any CPU
		{A801CD16-2382-4C3F-ACB4-546BEF7D59B9}.Debug|Any CPU.Build.0 = Debug|Any CPU
		{A801CD16-2382-4C3F-ACB4-546BEF7D59B9}.Release|Any CPU.ActiveCfg = Release|Any CPU
		{A801CD16-2382-4C3F-ACB4-546BEF7D59B9}.Release|Any CPU.Build.0 = Release|Any CPU
		{0FF6394D-CF05-475E-AC9A-7D4A2C6BABEF}.Debug|Any CPU.ActiveCfg = Debug|Any CPU
		{0FF6394D-CF05-475E-AC9A-7D4A2C6BABEF}.Debug|Any CPU.Build.0 = Debug|Any CPU
		{0FF6394D-CF05-475E-AC9A-7D4A2C6BABEF}.Release|Any CPU.ActiveCfg = Release|Any CPU
		{0FF6394D-CF05-475E-AC9A-7D4A2C6BABEF}.Release|Any CPU.Build.0 = Release|Any CPU
	EndGlobalSection
	GlobalSection(SolutionProperties) = preSolution
		HideSolutionNode = FALSE
	EndGlobalSection
	GlobalSection(ExtensibilityGlobals) = postSolution
		SolutionGuid = {BDA71EC1-94A0-4BC3-B904-384973A78AA6}
	EndGlobalSection
EndGlobal
