
Microsoft Visual Studio Solution File, Format Version 12.00
# Visual Studio Version 17
VisualStudioVersion = 17.5.002.0
MinimumVisualStudioVersion = 10.0.40219.1
Project("{9A19103F-16F7-4668-BE54-9A1E7A4F7556}") = "EmprestimoLivrosAPI", "EmprestimoLivrosAPI\EmprestimoLivrosAPI.csproj", "{468BD4D5-E4F8-4AF2-9A30-F5CE3D4FDC29}"
EndProject
Global
	GlobalSection(SolutionConfigurationPlatforms) = preSolution
		Debug|Any CPU = Debug|Any CPU
		Release|Any CPU = Release|Any CPU
	EndGlobalSection
	GlobalSection(ProjectConfigurationPlatforms) = postSolution
		{468BD4D5-E4F8-4AF2-9A30-F5CE3D4FDC29}.Debug|Any CPU.ActiveCfg = Debug|Any CPU
		{468BD4D5-E4F8-4AF2-9A30-F5CE3D4FDC29}.Debug|Any CPU.Build.0 = Debug|Any CPU
		{468BD4D5-E4F8-4AF2-9A30-F5CE3D4FDC29}.Release|Any CPU.ActiveCfg = Release|Any CPU
		{468BD4D5-E4F8-4AF2-9A30-F5CE3D4FDC29}.Release|Any CPU.Build.0 = Release|Any CPU
	EndGlobalSection
	GlobalSection(SolutionProperties) = preSolution
		HideSolutionNode = FALSE
	EndGlobalSection
	GlobalSection(ExtensibilityGlobals) = postSolution
		SolutionGuid = {BDA71EC1-94A0-4BC3-B904-384973A78AA6}
	EndGlobalSection
EndGlobal
