
Microsoft Visual Studio Solution File, Format Version 12.00
# Visual Studio Version 17
VisualStudioVersion = 17.5.002.0
MinimumVisualStudioVersion = 10.0.40219.1
Project("{9A19103F-16F7-4668-BE54-9A1E7A4F7556}") = "EmprestimoLivros.Domain", "EmprestimoLivros.Domain\EmprestimoLivros.Domain.csproj", "{B2A8A261-4DD3-4DB4-8D09-51A12D8644EE}"
EndProject
Project("{9A19103F-16F7-4668-BE54-9A1E7A4F7556}") = "EmprestimoLivros.Infra.Data", "EmprestimoLivros.Infra.Data\EmprestimoLivros.Infra.Data.csproj", "{01C81F59-7E8E-497D-A6AB-A3A3693215D0}"
EndProject
Project("{9A19103F-16F7-4668-BE54-9A1E7A4F7556}") = "EmprestimoLivros.API", "EmprestimoLivros.API\EmprestimoLivros.API.csproj", "{0E51C874-C41D-42E3-B94C-EF6D73AEAACD}"
EndProject
Project("{9A19103F-16F7-4668-BE54-9A1E7A4F7556}") = "EmprestimoLivros.Infra.Ioc", "EmprestimoLivros.Infra.Ioc\EmprestimoLivros.Infra.Ioc.csproj", "{1616B574-33F0-4AAA-9D1E-FBDFF9071329}"
EndProject
Project("{9A19103F-16F7-4668-BE54-9A1E7A4F7556}") = "EmprestimoLivros.Application", "EmprestimoLivros.Application\EmprestimoLivros.Application.csproj", "{4B575933-8B58-41CB-91BB-3AE0D7E3E805}"
EndProject
Global
	GlobalSection(SolutionConfigurationPlatforms) = preSolution
		Debug|Any CPU = Debug|Any CPU
		Release|Any CPU = Release|Any CPU
	EndGlobalSection
	GlobalSection(ProjectConfigurationPlatforms) = postSolution
		{B2A8A261-4DD3-4DB4-8D09-51A12D8644EE}.Debug|Any CPU.ActiveCfg = Debug|Any CPU
		{B2A8A261-4DD3-4DB4-8D09-51A12D8644EE}.Debug|Any CPU.Build.0 = Debug|Any CPU
		{B2A8A261-4DD3-4DB4-8D09-51A12D8644EE}.Release|Any CPU.ActiveCfg = Release|Any CPU
		{B2A8A261-4DD3-4DB4-8D09-51A12D8644EE}.Release|Any CPU.Build.0 = Release|Any CPU
		{01C81F59-7E8E-497D-A6AB-A3A3693215D0}.Debug|Any CPU.ActiveCfg = Debug|Any CPU
		{01C81F59-7E8E-497D-A6AB-A3A3693215D0}.Debug|Any CPU.Build.0 = Debug|Any CPU
		{01C81F59-7E8E-497D-A6AB-A3A3693215D0}.Release|Any CPU.ActiveCfg = Release|Any CPU
		{01C81F59-7E8E-497D-A6AB-A3A3693215D0}.Release|Any CPU.Build.0 = Release|Any CPU
		{0E51C874-C41D-42E3-B94C-EF6D73AEAACD}.Debug|Any CPU.ActiveCfg = Debug|Any CPU
		{0E51C874-C41D-42E3-B94C-EF6D73AEAACD}.Debug|Any CPU.Build.0 = Debug|Any CPU
		{0E51C874-C41D-42E3-B94C-EF6D73AEAACD}.Release|Any CPU.ActiveCfg = Release|Any CPU
		{0E51C874-C41D-42E3-B94C-EF6D73AEAACD}.Release|Any CPU.Build.0 = Release|Any CPU
		{1616B574-33F0-4AAA-9D1E-FBDFF9071329}.Debug|Any CPU.ActiveCfg = Debug|Any CPU
		{1616B574-33F0-4AAA-9D1E-FBDFF9071329}.Debug|Any CPU.Build.0 = Debug|Any CPU
		{1616B574-33F0-4AAA-9D1E-FBDFF9071329}.Release|Any CPU.ActiveCfg = Release|Any CPU
		{1616B574-33F0-4AAA-9D1E-FBDFF9071329}.Release|Any CPU.Build.0 = Release|Any CPU
		{4B575933-8B58-41CB-91BB-3AE0D7E3E805}.Debug|Any CPU.ActiveCfg = Debug|Any CPU
		{4B575933-8B58-41CB-91BB-3AE0D7E3E805}.Debug|Any CPU.Build.0 = Debug|Any CPU
		{4B575933-8B58-41CB-91BB-3AE0D7E3E805}.Release|Any CPU.ActiveCfg = Release|Any CPU
		{4B575933-8B58-41CB-91BB-3AE0D7E3E805}.Release|Any CPU.Build.0 = Release|Any CPU
	EndGlobalSection
	GlobalSection(SolutionProperties) = preSolution
		HideSolutionNode = FALSE
	EndGlobalSection
	GlobalSection(ExtensibilityGlobals) = postSolution
		SolutionGuid = {BDA71EC1-94A0-4BC3-B904-384973A78AA6}
	EndGlobalSection
EndGlobal
